
Microsoft Visual Studio Solution File, Format Version 12.00
# Visual Studio Version 17
VisualStudioVersion = 17.9.34607.119
MinimumVisualStudioVersion = 10.0.40219.1
Project("{8BC9CEB8-8B4A-11D0-8D11-00A0C91BC942}") = "LR1_1", "C++LR_1_Project\C++LR_1_Project.vcxproj", "{36929C3C-F40B-4B84-82F1-3EE1136BCB76}"
EndProject
Project("{8BC9CEB8-8B4A-11D0-8D11-00A0C91BC942}") = "LR1_2", "LR1_2\LR1_2.vcxproj", "{FEBDFCC1-964E-40CA-AE9F-CA5D46D9B596}"
EndProject
Project("{8BC9CEB8-8B4A-11D0-8D11-00A0C91BC942}") = "LR1_2_2", "LR_2_2\LR_2_2.vcxproj", "{122C2811-C763-469B-8B9D-CD3F2699153F}"
EndProject
Project("{8BC9CEB8-8B4A-11D0-8D11-00A0C91BC942}") = "LR1_3", "LR1_3\LR1_3.vcxproj", "{F58AA7A0-1CDE-43C6-A496-74CBBD9F1418}"
EndProject
Project("{8BC9CEB8-8B4A-11D0-8D11-00A0C91BC942}") = "LR2", "LR2\LR2.vcxproj", "{0710D0C5-05E4-4ACC-9FDA-986DCAFA5598}"
EndProject
Project("{8BC9CEB8-8B4A-11D0-8D11-00A0C91BC942}") = "LR3", "LR3\LR3.vcxproj", "{660DD7D8-E610-4F53-B7A4-A4A13FF67E6E}"
EndProject
Project("{8BC9CEB8-8B4A-11D0-8D11-00A0C91BC942}") = "LR4.1", "LR4\LR4.vcxproj", "{D37D5072-B440-449B-8645-0D809746E48D}"
EndProject
Project("{8BC9CEB8-8B4A-11D0-8D11-00A0C91BC942}") = "LR4.2", "LR4.2\LR4.2.vcxproj", "{F71D6545-3411-4F71-BBA4-3EF73ADD94DC}"
EndProject
Project("{8BC9CEB8-8B4A-11D0-8D11-00A0C91BC942}") = "LR4.3", "LR4.3\LR4.3.vcxproj", "{F80F680C-C8BF-4B31-B60B-F2C2F2B55B58}"
EndProject
Project("{8BC9CEB8-8B4A-11D0-8D11-00A0C91BC942}") = "LR4.4", "LR4.4\LR4.4.vcxproj", "{170F40C9-21B9-4C5B-AF29-FB9D255DC97F}"
EndProject
Project("{8BC9CEB8-8B4A-11D0-8D11-00A0C91BC942}") = "LR5.1", "LR5\LR5.vcxproj", "{35EA1869-A55D-4C3C-941D-2FE23019C0C3}"
EndProject
Project("{8BC9CEB8-8B4A-11D0-8D11-00A0C91BC942}") = "LR5.2", "LR5.2\LR5.2.vcxproj", "{76A76E41-A75B-46F7-A0FA-F1899E5B2487}"
EndProject
Project("{8BC9CEB8-8B4A-11D0-8D11-00A0C91BC942}") = "LR5.3", "LR5.3\LR5.3.vcxproj", "{B217E0AA-C630-4A81-8D5F-D4E30F369364}"
EndProject
Project("{8BC9CEB8-8B4A-11D0-8D11-00A0C91BC942}") = "LR5.4", "LR5.4\LR5.4.vcxproj", "{9455D1BC-7B02-437D-83AE-FF45C12E5073}"
EndProject
Global
	GlobalSection(SolutionConfigurationPlatforms) = preSolution
		Debug|x64 = Debug|x64
		Debug|x86 = Debug|x86
		Release|x64 = Release|x64
		Release|x86 = Release|x86
	EndGlobalSection
	GlobalSection(ProjectConfigurationPlatforms) = postSolution
		{36929C3C-F40B-4B84-82F1-3EE1136BCB76}.Debug|x64.ActiveCfg = Debug|x64
		{36929C3C-F40B-4B84-82F1-3EE1136BCB76}.Debug|x64.Build.0 = Debug|x64
		{36929C3C-F40B-4B84-82F1-3EE1136BCB76}.Debug|x86.ActiveCfg = Debug|Win32
		{36929C3C-F40B-4B84-82F1-3EE1136BCB76}.Debug|x86.Build.0 = Debug|Win32
		{36929C3C-F40B-4B84-82F1-3EE1136BCB76}.Release|x64.ActiveCfg = Release|x64
		{36929C3C-F40B-4B84-82F1-3EE1136BCB76}.Release|x64.Build.0 = Release|x64
		{36929C3C-F40B-4B84-82F1-3EE1136BCB76}.Release|x86.ActiveCfg = Release|Win32
		{36929C3C-F40B-4B84-82F1-3EE1136BCB76}.Release|x86.Build.0 = Release|Win32
		{FEBDFCC1-964E-40CA-AE9F-CA5D46D9B596}.Debug|x64.ActiveCfg = Debug|x64
		{FEBDFCC1-964E-40CA-AE9F-CA5D46D9B596}.Debug|x64.Build.0 = Debug|x64
		{FEBDFCC1-964E-40CA-AE9F-CA5D46D9B596}.Debug|x86.ActiveCfg = Debug|Win32
		{FEBDFCC1-964E-40CA-AE9F-CA5D46D9B596}.Debug|x86.Build.0 = Debug|Win32
		{FEBDFCC1-964E-40CA-AE9F-CA5D46D9B596}.Release|x64.ActiveCfg = Release|x64
		{FEBDFCC1-964E-40CA-AE9F-CA5D46D9B596}.Release|x64.Build.0 = Release|x64
		{FEBDFCC1-964E-40CA-AE9F-CA5D46D9B596}.Release|x86.ActiveCfg = Release|Win32
		{FEBDFCC1-964E-40CA-AE9F-CA5D46D9B596}.Release|x86.Build.0 = Release|Win32
		{122C2811-C763-469B-8B9D-CD3F2699153F}.Debug|x64.ActiveCfg = Debug|x64
		{122C2811-C763-469B-8B9D-CD3F2699153F}.Debug|x64.Build.0 = Debug|x64
		{122C2811-C763-469B-8B9D-CD3F2699153F}.Debug|x86.ActiveCfg = Debug|Win32
		{122C2811-C763-469B-8B9D-CD3F2699153F}.Debug|x86.Build.0 = Debug|Win32
		{122C2811-C763-469B-8B9D-CD3F2699153F}.Release|x64.ActiveCfg = Release|x64
		{122C2811-C763-469B-8B9D-CD3F2699153F}.Release|x64.Build.0 = Release|x64
		{122C2811-C763-469B-8B9D-CD3F2699153F}.Release|x86.ActiveCfg = Release|Win32
		{122C2811-C763-469B-8B9D-CD3F2699153F}.Release|x86.Build.0 = Release|Win32
		{F58AA7A0-1CDE-43C6-A496-74CBBD9F1418}.Debug|x64.ActiveCfg = Debug|x64
		{F58AA7A0-1CDE-43C6-A496-74CBBD9F1418}.Debug|x64.Build.0 = Debug|x64
		{F58AA7A0-1CDE-43C6-A496-74CBBD9F1418}.Debug|x86.ActiveCfg = Debug|Win32
		{F58AA7A0-1CDE-43C6-A496-74CBBD9F1418}.Debug|x86.Build.0 = Debug|Win32
		{F58AA7A0-1CDE-43C6-A496-74CBBD9F1418}.Release|x64.ActiveCfg = Release|x64
		{F58AA7A0-1CDE-43C6-A496-74CBBD9F1418}.Release|x64.Build.0 = Release|x64
		{F58AA7A0-1CDE-43C6-A496-74CBBD9F1418}.Release|x86.ActiveCfg = Release|Win32
		{F58AA7A0-1CDE-43C6-A496-74CBBD9F1418}.Release|x86.Build.0 = Release|Win32
		{0710D0C5-05E4-4ACC-9FDA-986DCAFA5598}.Debug|x64.ActiveCfg = Debug|x64
		{0710D0C5-05E4-4ACC-9FDA-986DCAFA5598}.Debug|x64.Build.0 = Debug|x64
		{0710D0C5-05E4-4ACC-9FDA-986DCAFA5598}.Debug|x86.ActiveCfg = Debug|Win32
		{0710D0C5-05E4-4ACC-9FDA-986DCAFA5598}.Debug|x86.Build.0 = Debug|Win32
		{0710D0C5-05E4-4ACC-9FDA-986DCAFA5598}.Release|x64.ActiveCfg = Release|x64
		{0710D0C5-05E4-4ACC-9FDA-986DCAFA5598}.Release|x64.Build.0 = Release|x64
		{0710D0C5-05E4-4ACC-9FDA-986DCAFA5598}.Release|x86.ActiveCfg = Release|Win32
		{0710D0C5-05E4-4ACC-9FDA-986DCAFA5598}.Release|x86.Build.0 = Release|Win32
		{660DD7D8-E610-4F53-B7A4-A4A13FF67E6E}.Debug|x64.ActiveCfg = Debug|x64
		{660DD7D8-E610-4F53-B7A4-A4A13FF67E6E}.Debug|x64.Build.0 = Debug|x64
		{660DD7D8-E610-4F53-B7A4-A4A13FF67E6E}.Debug|x86.ActiveCfg = Debug|Win32
		{660DD7D8-E610-4F53-B7A4-A4A13FF67E6E}.Debug|x86.Build.0 = Debug|Win32
		{660DD7D8-E610-4F53-B7A4-A4A13FF67E6E}.Release|x64.ActiveCfg = Release|x64
		{660DD7D8-E610-4F53-B7A4-A4A13FF67E6E}.Release|x64.Build.0 = Release|x64
		{660DD7D8-E610-4F53-B7A4-A4A13FF67E6E}.Release|x86.ActiveCfg = Release|Win32
		{660DD7D8-E610-4F53-B7A4-A4A13FF67E6E}.Release|x86.Build.0 = Release|Win32
		{D37D5072-B440-449B-8645-0D809746E48D}.Debug|x64.ActiveCfg = Debug|x64
		{D37D5072-B440-449B-8645-0D809746E48D}.Debug|x64.Build.0 = Debug|x64
		{D37D5072-B440-449B-8645-0D809746E48D}.Debug|x86.ActiveCfg = Debug|Win32
		{D37D5072-B440-449B-8645-0D809746E48D}.Debug|x86.Build.0 = Debug|Win32
		{D37D5072-B440-449B-8645-0D809746E48D}.Release|x64.ActiveCfg = Release|x64
		{D37D5072-B440-449B-8645-0D809746E48D}.Release|x64.Build.0 = Release|x64
		{D37D5072-B440-449B-8645-0D809746E48D}.Release|x86.ActiveCfg = Release|Win32
		{D37D5072-B440-449B-8645-0D809746E48D}.Release|x86.Build.0 = Release|Win32
		{F71D6545-3411-4F71-BBA4-3EF73ADD94DC}.Debug|x64.ActiveCfg = Debug|x64
		{F71D6545-3411-4F71-BBA4-3EF73ADD94DC}.Debug|x64.Build.0 = Debug|x64
		{F71D6545-3411-4F71-BBA4-3EF73ADD94DC}.Debug|x86.ActiveCfg = Debug|Win32
		{F71D6545-3411-4F71-BBA4-3EF73ADD94DC}.Debug|x86.Build.0 = Debug|Win32
		{F71D6545-3411-4F71-BBA4-3EF73ADD94DC}.Release|x64.ActiveCfg = Release|x64
		{F71D6545-3411-4F71-BBA4-3EF73ADD94DC}.Release|x64.Build.0 = Release|x64
		{F71D6545-3411-4F71-BBA4-3EF73ADD94DC}.Release|x86.ActiveCfg = Release|Win32
		{F71D6545-3411-4F71-BBA4-3EF73ADD94DC}.Release|x86.Build.0 = Release|Win32
		{F80F680C-C8BF-4B31-B60B-F2C2F2B55B58}.Debug|x64.ActiveCfg = Debug|x64
		{F80F680C-C8BF-4B31-B60B-F2C2F2B55B58}.Debug|x64.Build.0 = Debug|x64
		{F80F680C-C8BF-4B31-B60B-F2C2F2B55B58}.Debug|x86.ActiveCfg = Debug|Win32
		{F80F680C-C8BF-4B31-B60B-F2C2F2B55B58}.Debug|x86.Build.0 = Debug|Win32
		{F80F680C-C8BF-4B31-B60B-F2C2F2B55B58}.Release|x64.ActiveCfg = Release|x64
		{F80F680C-C8BF-4B31-B60B-F2C2F2B55B58}.Release|x64.Build.0 = Release|x64
		{F80F680C-C8BF-4B31-B60B-F2C2F2B55B58}.Release|x86.ActiveCfg = Release|Win32
		{F80F680C-C8BF-4B31-B60B-F2C2F2B55B58}.Release|x86.Build.0 = Release|Win32
		{170F40C9-21B9-4C5B-AF29-FB9D255DC97F}.Debug|x64.ActiveCfg = Debug|x64
		{170F40C9-21B9-4C5B-AF29-FB9D255DC97F}.Debug|x64.Build.0 = Debug|x64
		{170F40C9-21B9-4C5B-AF29-FB9D255DC97F}.Debug|x86.ActiveCfg = Debug|Win32
		{170F40C9-21B9-4C5B-AF29-FB9D255DC97F}.Debug|x86.Build.0 = Debug|Win32
		{170F40C9-21B9-4C5B-AF29-FB9D255DC97F}.Release|x64.ActiveCfg = Release|x64
		{170F40C9-21B9-4C5B-AF29-FB9D255DC97F}.Release|x64.Build.0 = Release|x64
		{170F40C9-21B9-4C5B-AF29-FB9D255DC97F}.Release|x86.ActiveCfg = Release|Win32
		{170F40C9-21B9-4C5B-AF29-FB9D255DC97F}.Release|x86.Build.0 = Release|Win32
		{35EA1869-A55D-4C3C-941D-2FE23019C0C3}.Debug|x64.ActiveCfg = Debug|x64
		{35EA1869-A55D-4C3C-941D-2FE23019C0C3}.Debug|x64.Build.0 = Debug|x64
		{35EA1869-A55D-4C3C-941D-2FE23019C0C3}.Debug|x86.ActiveCfg = Debug|Win32
		{35EA1869-A55D-4C3C-941D-2FE23019C0C3}.Debug|x86.Build.0 = Debug|Win32
		{35EA1869-A55D-4C3C-941D-2FE23019C0C3}.Release|x64.ActiveCfg = Release|x64
		{35EA1869-A55D-4C3C-941D-2FE23019C0C3}.Release|x64.Build.0 = Release|x64
		{35EA1869-A55D-4C3C-941D-2FE23019C0C3}.Release|x86.ActiveCfg = Release|Win32
		{35EA1869-A55D-4C3C-941D-2FE23019C0C3}.Release|x86.Build.0 = Release|Win32
		{76A76E41-A75B-46F7-A0FA-F1899E5B2487}.Debug|x64.ActiveCfg = Debug|x64
		{76A76E41-A75B-46F7-A0FA-F1899E5B2487}.Debug|x64.Build.0 = Debug|x64
		{76A76E41-A75B-46F7-A0FA-F1899E5B2487}.Debug|x86.ActiveCfg = Debug|Win32
		{76A76E41-A75B-46F7-A0FA-F1899E5B2487}.Debug|x86.Build.0 = Debug|Win32
		{76A76E41-A75B-46F7-A0FA-F1899E5B2487}.Release|x64.ActiveCfg = Release|x64
		{76A76E41-A75B-46F7-A0FA-F1899E5B2487}.Release|x64.Build.0 = Release|x64
		{76A76E41-A75B-46F7-A0FA-F1899E5B2487}.Release|x86.ActiveCfg = Release|Win32
		{76A76E41-A75B-46F7-A0FA-F1899E5B2487}.Release|x86.Build.0 = Release|Win32
		{B217E0AA-C630-4A81-8D5F-D4E30F369364}.Debug|x64.ActiveCfg = Debug|x64
		{B217E0AA-C630-4A81-8D5F-D4E30F369364}.Debug|x64.Build.0 = Debug|x64
		{B217E0AA-C630-4A81-8D5F-D4E30F369364}.Debug|x86.ActiveCfg = Debug|Win32
		{B217E0AA-C630-4A81-8D5F-D4E30F369364}.Debug|x86.Build.0 = Debug|Win32
		{B217E0AA-C630-4A81-8D5F-D4E30F369364}.Release|x64.ActiveCfg = Release|x64
		{B217E0AA-C630-4A81-8D5F-D4E30F369364}.Release|x64.Build.0 = Release|x64
		{B217E0AA-C630-4A81-8D5F-D4E30F369364}.Release|x86.ActiveCfg = Release|Win32
		{B217E0AA-C630-4A81-8D5F-D4E30F369364}.Release|x86.Build.0 = Release|Win32
		{9455D1BC-7B02-437D-83AE-FF45C12E5073}.Debug|x64.ActiveCfg = Debug|x64
		{9455D1BC-7B02-437D-83AE-FF45C12E5073}.Debug|x64.Build.0 = Debug|x64
		{9455D1BC-7B02-437D-83AE-FF45C12E5073}.Debug|x86.ActiveCfg = Debug|Win32
		{9455D1BC-7B02-437D-83AE-FF45C12E5073}.Debug|x86.Build.0 = Debug|Win32
		{9455D1BC-7B02-437D-83AE-FF45C12E5073}.Release|x64.ActiveCfg = Release|x64
		{9455D1BC-7B02-437D-83AE-FF45C12E5073}.Release|x64.Build.0 = Release|x64
		{9455D1BC-7B02-437D-83AE-FF45C12E5073}.Release|x86.ActiveCfg = Release|Win32
		{9455D1BC-7B02-437D-83AE-FF45C12E5073}.Release|x86.Build.0 = Release|Win32
	EndGlobalSection
	GlobalSection(SolutionProperties) = preSolution
		HideSolutionNode = FALSE
	EndGlobalSection
	GlobalSection(ExtensibilityGlobals) = postSolution
		SolutionGuid = {E73E0D2D-4332-4CBB-8545-23C385C9620E}
	EndGlobalSection
EndGlobal
